
Microsoft Visual Studio Solution File, Format Version 12.00
# Visual Studio 2012
Project("{FAE04EC0-301F-11D3-BF4B-00C04F79EFBC}") = "Latihan_3_1", "Latihan_3_1\Latihan_3_1.csproj", "{6978C7BF-D892-4289-B4A7-6493C6469D94}"
EndProject
Global
	GlobalSection(SolutionConfigurationPlatforms) = preSolution
		Debug|Any CPU = Debug|Any CPU
		Release|Any CPU = Release|Any CPU
	EndGlobalSection
	GlobalSection(ProjectConfigurationPlatforms) = postSolution
		{6978C7BF-D892-4289-B4A7-6493C6469D94}.Debug|Any CPU.ActiveCfg = Debug|Any CPU
		{6978C7BF-D892-4289-B4A7-6493C6469D94}.Debug|Any CPU.Build.0 = Debug|Any CPU
		{6978C7BF-D892-4289-B4A7-6493C6469D94}.Release|Any CPU.ActiveCfg = Release|Any CPU
		{6978C7BF-D892-4289-B4A7-6493C6469D94}.Release|Any CPU.Build.0 = Release|Any CPU
	EndGlobalSection
	GlobalSection(SolutionProperties) = preSolution
		HideSolutionNode = FALSE
	EndGlobalSection
EndGlobal
